
Microsoft Visual Studio Solution File, Format Version 12.00
# Visual Studio 15
VisualStudioVersion = 15.0.28307.779
MinimumVisualStudioVersion = 10.0.40219.1
Project("{FAE04EC0-301F-11D3-BF4B-00C04F79EFBC}") = "HRM", "HRM\HRM.csproj", "{73A130EF-3D06-4DE4-B32F-EB91BE14D524}"
EndProject
Global
	GlobalSection(SolutionConfigurationPlatforms) = preSolution
		Debug|Any CPU = Debug|Any CPU
		Release|Any CPU = Release|Any CPU
	EndGlobalSection
	GlobalSection(ProjectConfigurationPlatforms) = postSolution
		{73A130EF-3D06-4DE4-B32F-EB91BE14D524}.Debug|Any CPU.ActiveCfg = Debug|Any CPU
		{73A130EF-3D06-4DE4-B32F-EB91BE14D524}.Debug|Any CPU.Build.0 = Debug|Any CPU
		{73A130EF-3D06-4DE4-B32F-EB91BE14D524}.Release|Any CPU.ActiveCfg = Release|Any CPU
		{73A130EF-3D06-4DE4-B32F-EB91BE14D524}.Release|Any CPU.Build.0 = Release|Any CPU
	EndGlobalSection
	GlobalSection(SolutionProperties) = preSolution
		HideSolutionNode = FALSE
	EndGlobalSection
	GlobalSection(ExtensibilityGlobals) = postSolution
		SolutionGuid = {1C8D164A-565A-47E0-9B15-5842E8C9B4A7}
	EndGlobalSection
EndGlobal
